PODS:
  - Alamofire (4.7.0)
  - EZYGradientView (1.5.1)
  - Firebase/Auth (4.10.1):
    - Firebase/Core
    - FirebaseAuth (= 4.4.4)
  - Firebase/Core (4.10.1):
    - FirebaseAnalytics (= 4.1.0)
    - FirebaseCore (= 4.0.17)
  - Firebase/Database (4.10.1):
    - Firebase/Core
    - FirebaseDatabase (= 4.1.5)
  - Firebase/Messaging (4.10.1):
    - Firebase/Core
    - FirebaseMessaging (= 2.1.1)
  - Firebase/Storage (4.10.1):
    - Firebase/Core
    - FirebaseStorage (= 2.1.3)
  - FirebaseAnalytics (4.1.0):
    - FirebaseCore (~> 4.0)
    - FirebaseInstanceID (~> 2.0)
    - GoogleToolboxForMac/NSData+zlib (~> 2.1)
    - nanopb (~> 0.3)
  - FirebaseAuth (4.4.4):
    - FirebaseAnalytics (~> 4.1)
    - GoogleToolboxForMac/NSDictionary+URLArguments (~> 2.1)
    - GTMSessionFetcher/Core (~> 1.1)
  - FirebaseCore (4.0.17):
    - GoogleToolboxForMac/NSData+zlib (~> 2.1)
  - FirebaseDatabase (4.1.5):
    - FirebaseAnalytics (~> 4.1)
    - FirebaseCore (~> 4.0)
    - leveldb-library (~> 1.18)
  - FirebaseInstanceID (2.0.9):
    - FirebaseCore (~> 4.0)
  - FirebaseMessaging (2.1.1):
    - FirebaseAnalytics (~> 4.1)
    - FirebaseCore (~> 4.0)
    - FirebaseInstanceID (~> 2.0)
    - GoogleToolboxForMac/Logger (~> 2.1)
    - Protobuf (~> 3.5)
  - FirebaseStorage (2.1.3):
    - FirebaseAnalytics (~> 4.1)
    - FirebaseCore (~> 4.0)
    - GTMSessionFetcher/Core (~> 1.1)
  - GoogleMaps (2.6.0):
    - GoogleMaps/Maps (= 2.6.0)
  - GoogleMaps/Base (2.6.0)
  - GoogleMaps/Maps (2.6.0):
    - GoogleMaps/Base
  - GooglePlacePicker (2.6.0):
    - GoogleMaps (= 2.6.0)
    - GooglePlaces (= 2.6.0)
  - GooglePlaces (2.6.0):
    - GoogleMaps/Base (= 2.6.0)
  - GooglePlacesAPI (1.1.3):
    - Alamofire (~> 4)
    - ObjectMapper (~> 2)
  - GooglePlacesSearchController (0.1.7)
  - GoogleSignIn (4.1.2):
    - GoogleToolboxForMac/NSDictionary+URLArguments (~> 2.1)
    - GoogleToolboxForMac/NSString+URLArguments (~> 2.1)
    - GTMOAuth2 (~> 1.0)
    - GTMSessionFetcher/Core (~> 1.1)
  - GoogleToolboxForMac/DebugUtils (2.1.3):
    - GoogleToolboxForMac/Defines (= 2.1.3)
  - GoogleToolboxForMac/Defines (2.1.3)
  - GoogleToolboxForMac/Logger (2.1.3):
    - GoogleToolboxForMac/Defines (= 2.1.3)
  - GoogleToolboxForMac/NSData+zlib (2.1.3):
    - GoogleToolboxForMac/Defines (= 2.1.3)
  - GoogleToolboxForMac/NSDictionary+URLArguments (2.1.3):
    - GoogleToolboxForMac/DebugUtils (= 2.1.3)
    - GoogleToolboxForMac/Defines (= 2.1.3)
    - GoogleToolboxForMac/NSString+URLArguments (= 2.1.3)
  - GoogleToolboxForMac/NSString+URLArguments (2.1.3)
  - GTMOAuth2 (1.1.6):
    - GTMSessionFetcher (~> 1.1)
  - GTMSessionFetcher (1.1.14):
    - GTMSessionFetcher/Full (= 1.1.14)
  - GTMSessionFetcher/Core (1.1.14)
  - GTMSessionFetcher/Full (1.1.14):
    - GTMSessionFetcher/Core (= 1.1.14)
  - IQKeyboardManagerSwift (5.0.8)
  - leveldb-library (1.20)
  - lottie-ios (2.5.0)
  - nanopb (0.3.8):
    - nanopb/decode (= 0.3.8)
    - nanopb/encode (= 0.3.8)
  - nanopb/decode (0.3.8)
  - nanopb/encode (0.3.8)
  - ObjectMapper (2.2.9)
  - Protobuf (3.5.0)
  - RKPieChart (0.0.1)
  - SwiftyJSON (4.0.0)

DEPENDENCIES:
  - EZYGradientView (from `https://github.com/Niphery/EZYGradientView`)
  - Firebase/Auth
  - Firebase/Core
  - Firebase/Database
  - Firebase/Messaging
  - Firebase/Storage
  - GoogleMaps
  - GooglePlacePicker
  - GooglePlaces
  - GooglePlacesAPI
  - GooglePlacesSearchController
  - GoogleSignIn
  - IQKeyboardManagerSwift
  - lottie-ios
  - RKPieChart
  - SwiftyJSON

EXTERNAL SOURCES:
  EZYGradientView:
    :git: https://github.com/Niphery/EZYGradientView

CHECKOUT OPTIONS:
  EZYGradientView:
    :commit: e8cc7bf2fb77557af214289288ebc96776ffbf57
    :git: https://github.com/Niphery/EZYGradientView

SPEC CHECKSUMS:
  Alamofire: 907e0a98eb68cdb7f9d1f541a563d6ac5dc77b25
  EZYGradientView: f13e7a9e774b906c66d617fb04a13c8853ba25b4
  Firebase: 92c6ba593e32db0defde464a9adc981d5cb49f97
  FirebaseAnalytics: 3dfae28d4a5e06f86c4fae830efc2ad3fadb19bc
  FirebaseAuth: d040bb7a9db6dfc29d0e7ec82d48be51352b2581
  FirebaseCore: 872307b001bbefda1dfa0dbfffa50a6919023d4a
  FirebaseDatabase: 5f0bc6134c5c237cf55f9e1249d406770a75eafd
  FirebaseInstanceID: d2058a35e9bebda1b6dd42486b84917bde552a9d
  FirebaseMessaging: db0e01c52ef7e1f42846431273558107d084ede4
  FirebaseStorage: 9a863a2bb96c406958eeff7c2f1dfa9f44c44a13
  GoogleMaps: 42f91c68b7fa2f84d5c86597b18ceb99f5414c7f
  GooglePlacePicker: e4488625effb006f59de49e14b7a603e463e4261
  GooglePlaces: f6ddf33b75cef69e888907d9947c57198ed845f3
  GooglePlacesAPI: 3baf1c78cf94cc97fc5677c613f55d00b37a7d3c
  GooglePlacesSearchController: 0ac4fedf1582d2e44329c417a6eed80ccf62d716
  GoogleSignIn: d9ef55b10f0aa401a5de2747f59b725e4b9732ac
  GoogleToolboxForMac: 2501e2ad72a52eb3dfe7bd9aee7dad11b858bd20
  GTMOAuth2: c77fe325e4acd453837e72d91e3b5f13116857b2
  GTMSessionFetcher: 390ea358e5a0d0133153806f744662dad933d06b
  IQKeyboardManagerSwift: 2e7dc7f98c111458c1ea2b373f893e8cf95e2b97
  leveldb-library: 08cba283675b7ed2d99629a4bc5fd052cd2bb6a5
  lottie-ios: d699fdee68d7b63e721d949388b015fef1aaa4ac
  nanopb: 5601e6bca2dbf1ed831b519092ec110f66982ca3
  ObjectMapper: 63cfe41bc6f8e7c8f44344c49901b8ae7de14c52
  Protobuf: 8a9838fba8dae3389230e1b7f8c104aa32389c03
  RKPieChart: 8e643c505d24e61574f3a2fd6bd807403840b24b
  SwiftyJSON: 070dabdcb1beb81b247c65ffa3a79dbbfb3b48aa

PODFILE CHECKSUM: f907f0213072eb1994507db0689e38636f35b2b1

COCOAPODS: 1.3.1
